// !$*UTF8*$!
{
	archiveVersion = 1;
	classes = {
	};
	objectVersion = 77;
	objects = {

/* Begin PBXContainerItemProxy section */
		08E0F0FC2DCFB4CC00A6CA5E /* PBXContainerItemProxy */ = {
			isa = PBXContainerItemProxy;
			containerPortal = 08E0F0E62DCFB4C900A6CA5E /* Project object */;
			proxyType = 1;
			remoteGlobalIDString = 08E0F0ED2DCFB4C900A6CA5E;
			remoteInfo = Answer;
		};
		08E0F1062DCFB4CC00A6CA5E /* PBXContainerItemProxy */ = {
			isa = PBXContainerItemProxy;
			containerPortal = 08E0F0E62DCFB4C900A6CA5E /* Project object */;
			proxyType = 1;
			remoteGlobalIDString = 08E0F0ED2DCFB4C900A6CA5E;
			remoteInfo = Answer;
		};
/* End PBXContainerItemProxy section */

/* Begin PBXFileReference section */
		08E0F0EE2DCFB4C900A6CA5E /* Answer.app */ = {isa = PBXFileReference; explicitFileType = wrapper.application; includeInIndex = 0; path = Answer.app; sourceTree = BUILT_PRODUCTS_DIR; };
		08E0F0FB2DCFB4CC00A6CA5E /* AnswerTests.xctest */ = {isa = PBXFileReference; explicitFileType = wrapper.cfbundle; includeInIndex = 0; path = AnswerTests.xctest; sourceTree = BUILT_PRODUCTS_DIR; };
		08E0F1052DCFB4CC00A6CA5E /* AnswerUITests.xctest */ = {isa = PBXFileReference; explicitFileType = wrapper.cfbundle; includeInIndex = 0; path = AnswerUITests.xctest; sourceTree = BUILT_PRODUCTS_DIR; };
/* End PBXFileReference section */

/* Begin PBXFileSystemSynchronizedBuildFileExceptionSet section */
		08060B172DCFBF3800D74EA0 /* Exceptions for "Answer" folder in "Answer" target */ = {
			isa = PBXFileSystemSynchronizedBuildFileExceptionSet;
			membershipExceptions = (
				Info.plist,
			);
			target = 08E0F0ED2DCFB4C900A6CA5E /* Answer */;
		};
		08060B432DD0782100D74EA0 /* Exceptions for "Answer" folder in "AnswerTests" target */ = {
			isa = PBXFileSystemSynchronizedBuildFileExceptionSet;
			membershipExceptions = (
				Models/Answer.xcdatamodeld,
			);
			target = 08E0F0FA2DCFB4CC00A6CA5E /* AnswerTests */;
		};
/* End PBXFileSystemSynchronizedBuildFileExceptionSet section */

/* Begin PBXFileSystemSynchronizedRootGroup section */
		08E0F0F02DCFB4C900A6CA5E /* Answer */ = {
			isa = PBXFileSystemSynchronizedRootGroup;
			exceptions = (
				08060B172DCFBF3800D74EA0 /* Exceptions for "Answer" folder in "Answer" target */,
				08060B432DD0782100D74EA0 /* Exceptions for "Answer" folder in "AnswerTests" target */,
			);
			path = Answer;
			sourceTree = "<group>";
		};
		08E0F0FE2DCFB4CC00A6CA5E /* AnswerTests */ = {
			isa = PBXFileSystemSynchronizedRootGroup;
			path = AnswerTests;
			sourceTree = "<group>";
		};
		08E0F1082DCFB4CC00A6CA5E /* AnswerUITests */ = {
			isa = PBXFileSystemSynchronizedRootGroup;
			path = AnswerUITests;
			sourceTree = "<group>";
		};
/* End PBXFileSystemSynchronizedRootGroup section */

/* Begin PBXFrameworksBuildPhase section */
		08E0F0EB2DCFB4C900A6CA5E /* Frameworks */ = {
			isa = PBXFrameworksBuildPhase;
			buildActionMask = 2147483647;
			files = (
			);
			runOnlyForDeploymentPostprocessing = 0;
		};
		08E0F0F82DCFB4CC00A6CA5E /* Frameworks */ = {
			isa = PBXFrameworksBuildPhase;
			buildActionMask = 2147483647;
			files = (
			);
			runOnlyForDeploymentPostprocessing = 0;
		};
		08E0F1022DCFB4CC00A6CA5E /* Frameworks */ = {
			isa = PBXFrameworksBuildPhase;
			buildActionMask = 2147483647;
			files = (
			);
			runOnlyForDeploymentPostprocessing = 0;
		};
/* End PBXFrameworksBuildPhase section */

/* Begin PBXGroup section */
		08E0F0E52DCFB4C900A6CA5E = {
			isa = PBXGroup;
			children = (
				08E0F0F02DCFB4C900A6CA5E /* Answer */,
				08E0F0FE2DCFB4CC00A6CA5E /* AnswerTests */,
				08E0F1082DCFB4CC00A6CA5E /* AnswerUITests */,
				08E0F0EF2DCFB4C900A6CA5E /* Products */,
			);
			sourceTree = "<group>";
		};
		08E0F0EF2DCFB4C900A6CA5E /* Products */ = {
			isa = PBXGroup;
			children = (
				08E0F0EE2DCFB4C900A6CA5E /* Answer.app */,
				08E0F0FB2DCFB4CC00A6CA5E /* AnswerTests.xctest */,
				08E0F1052DCFB4CC00A6CA5E /* AnswerUITests.xctest */,
			);
			name = Products;
			sourceTree = "<group>";
		};
/* End PBXGroup section */

/* Begin PBXNativeTarget section */
		08E0F0ED2DCFB4C900A6CA5E /* Answer */ = {
			isa = PBXNativeTarget;
			buildConfigurationList = 08E0F10F2DCFB4CC00A6CA5E /* Build configuration list for PBXNativeTarget "Answer" */;
			buildPhases = (
				08E0F0EA2DCFB4C900A6CA5E /* Sources */,
				08E0F0EB2DCFB4C900A6CA5E /* Frameworks */,
				08E0F0EC2DCFB4C900A6CA5E /* Resources */,
			);
			buildRules = (
			);
			dependencies = (
			);
			fileSystemSynchronizedGroups = (
				08E0F0F02DCFB4C900A6CA5E /* Answer */,
			);
			name = Answer;
			packageProductDependencies = (
			);
			productName = Answer;
			productReference = 08E0F0EE2DCFB4C900A6CA5E /* Answer.app */;
			productType = "com.apple.product-type.application";
		};
		08E0F0FA2DCFB4CC00A6CA5E /* AnswerTests */ = {
			isa = PBXNativeTarget;
			buildConfigurationList = 08E0F1122DCFB4CC00A6CA5E /* Build configuration list for PBXNativeTarget "AnswerTests" */;
			buildPhases = (
				08E0F0F72DCFB4CC00A6CA5E /* Sources */,
				08E0F0F82DCFB4CC00A6CA5E /* Frameworks */,
				08E0F0F92DCFB4CC00A6CA5E /* Resources */,
			);
			buildRules = (
			);
			dependencies = (
				08E0F0FD2DCFB4CC00A6CA5E /* PBXTargetDependency */,
			);
			fileSystemSynchronizedGroups = (
				08E0F0FE2DCFB4CC00A6CA5E /* AnswerTests */,
			);
			name = AnswerTests;
			packageProductDependencies = (
			);
			productName = AnswerTests;
			productReference = 08E0F0FB2DCFB4CC00A6CA5E /* AnswerTests.xctest */;
			productType = "com.apple.product-type.bundle.unit-test";
		};
		08E0F1042DCFB4CC00A6CA5E /* AnswerUITests */ = {
			isa = PBXNativeTarget;
			buildConfigurationList = 08E0F1152DCFB4CC00A6CA5E /* Build configuration list for PBXNativeTarget "AnswerUITests" */;
			buildPhases = (
				08E0F1012DCFB4CC00A6CA5E /* Sources */,
				08E0F1022DCFB4CC00A6CA5E /* Frameworks */,
				08E0F1032DCFB4CC00A6CA5E /* Resources */,
			);
			buildRules = (
			);
			dependencies = (
				08E0F1072DCFB4CC00A6CA5E /* PBXTargetDependency */,
			);
			fileSystemSynchronizedGroups = (
				08E0F1082DCFB4CC00A6CA5E /* AnswerUITests */,
			);
			name = AnswerUITests;
			packageProductDependencies = (
			);
			productName = AnswerUITests;
			productReference = 08E0F1052DCFB4CC00A6CA5E /* AnswerUITests.xctest */;
			productType = "com.apple.product-type.bundle.ui-testing";
		};
/* End PBXNativeTarget section */

/* Begin PBXProject section */
		08E0F0E62DCFB4C900A6CA5E /* Project object */ = {
			isa = PBXProject;
			attributes = {
				BuildIndependentTargetsInParallel = 1;
				LastSwiftUpdateCheck = 1630;
				LastUpgradeCheck = 1630;
				TargetAttributes = {
					08E0F0ED2DCFB4C900A6CA5E = {
						CreatedOnToolsVersion = 16.3;
					};
					08E0F0FA2DCFB4CC00A6CA5E = {
						CreatedOnToolsVersion = 16.3;
						TestTargetID = 08E0F0ED2DCFB4C900A6CA5E;
					};
					08E0F1042DCFB4CC00A6CA5E = {
						CreatedOnToolsVersion = 16.3;
						TestTargetID = 08E0F0ED2DCFB4C900A6CA5E;
					};
				};
			};
			buildConfigurationList = 08E0F0E92DCFB4C900A6CA5E /* Build configuration list for PBXProject "Answer" */;
			developmentRegion = en;
			hasScannedForEncodings = 0;
			knownRegions = (
				en,
				Base,
			);
			mainGroup = 08E0F0E52DCFB4C900A6CA5E;
			minimizedProjectReferenceProxies = 1;
			preferredProjectObjectVersion = 77;
			productRefGroup = 08E0F0EF2DCFB4C900A6CA5E /* Products */;
			projectDirPath = "";
			projectRoot = "";
			targets = (
				08E0F0ED2DCFB4C900A6CA5E /* Answer */,
				08E0F0FA2DCFB4CC00A6CA5E /* AnswerTests */,
				08E0F1042DCFB4CC00A6CA5E /* AnswerUITests */,
			);
		};
/* End PBXProject section */

/* Begin PBXResourcesBuildPhase section */
		08E0F0EC2DCFB4C900A6CA5E /* Resources */ = {
			isa = PBXResourcesBuildPhase;
			buildActionMask = 2147483647;
			files = (
			);
			runOnlyForDeploymentPostprocessing = 0;
		};
		08E0F0F92DCFB4CC00A6CA5E /* Resources */ = {
			isa = PBXResourcesBuildPhase;
			buildActionMask = 2147483647;
			files = (
			);
			runOnlyForDeploymentPostprocessing = 0;
		};
		08E0F1032DCFB4CC00A6CA5E /* Resources */ = {
			isa = PBXResourcesBuildPhase;
			buildActionMask = 2147483647;
			files = (
			);
			runOnlyForDeploymentPostprocessing = 0;
		};
/* End PBXResourcesBuildPhase section */

/* Begin PBXSourcesBuildPhase section */
		08E0F0EA2DCFB4C900A6CA5E /* Sources */ = {
			isa = PBXSourcesBuildPhase;
			buildActionMask = 2147483647;
			files = (
			);
			runOnlyForDeploymentPostprocessing = 0;
		};
		08E0F0F72DCFB4CC00A6CA5E /* Sources */ = {
			isa = PBXSourcesBuildPhase;
			buildActionMask = 2147483647;
			files = (
			);
			runOnlyForDeploymentPostprocessing = 0;
		};
		08E0F1012DCFB4CC00A6CA5E /* Sources */ = {
			isa = PBXSourcesBuildPhase;
			buildActionMask = 2147483647;
			files = (
			);
			runOnlyForDeploymentPostprocessing = 0;
		};
/* End PBXSourcesBuildPhase section */

/* Begin PBXTargetDependency section */
		08E0F0FD2DCFB4CC00A6CA5E /* PBXTargetDependency */ = {
			isa = PBXTargetDependency;
			target = 08E0F0ED2DCFB4C900A6CA5E /* Answer */;
			targetProxy = 08E0F0FC2DCFB4CC00A6CA5E /* PBXContainerItemProxy */;
		};
		08E0F1072DCFB4CC00A6CA5E /* PBXTargetDependency */ = {
			isa = PBXTargetDependency;
			target = 08E0F0ED2DCFB4C900A6CA5E /* Answer */;
			targetProxy = 08E0F1062DCFB4CC00A6CA5E /* PBXContainerItemProxy */;
		};
/* End PBXTargetDependency section */

/* Begin XCBuildConfiguration section */
		08E0F10D2DCFB4CC00A6CA5E /* Debug */ = {
			isa = XCBuildConfiguration;
			buildSettings = {
				ALWAYS_SEARCH_USER_PATHS = NO;
				ASSETCATALOG_COMPILER_GENERATE_SWIFT_ASSET_SYMBOL_EXTENSIONS = YES;
				CLANG_ANALYZER_NONNULL = YES;
				CLANG_ANALYZER_NUMBER_OBJECT_CONVERSION = YES_AGGRESSIVE;
				CLANG_CXX_LANGUAGE_STANDARD = "gnu++20";
				CLANG_ENABLE_MODULES = YES;
				CLANG_ENABLE_OBJC_ARC = YES;
				CLANG_ENABLE_OBJC_WEAK = YES;
				CLANG_WARN_BLOCK_CAPTURE_AUTORELEASING = YES;
				CLANG_WARN_BOOL_CONVERSION = YES;
				CLANG_WARN_COMMA = YES;
				CLANG_WARN_CONSTANT_CONVERSION = YES;
				CLANG_WARN_DEPRECATED_OBJC_IMPLEMENTATIONS = YES;
				CLANG_WARN_DIRECT_OBJC_ISA_USAGE = YES_ERROR;
				CLANG_WARN_DOCUMENTATION_COMMENTS = YES;
				CLANG_WARN_EMPTY_BODY = YES;
				CLANG_WARN_ENUM_CONVERSION = YES;
				CLANG_WARN_INFINITE_RECURSION = YES;
				CLANG_WARN_INT_CONVERSION = YES;
				CLANG_WARN_NON_LITERAL_NULL_CONVERSION = YES;
				CLANG_WARN_OBJC_IMPLICIT_RETAIN_SELF = YES;
				CLANG_WARN_OBJC_LITERAL_CONVERSION = YES;
				CLANG_WARN_OBJC_ROOT_CLASS = YES_ERROR;
				CLANG_WARN_QUOTED_INCLUDE_IN_FRAMEWORK_HEADER = YES;
				CLANG_WARN_RANGE_LOOP_ANALYSIS = YES;
				CLANG_WARN_STRICT_PROTOTYPES = YES;
				CLANG_WARN_SUSPICIOUS_MOVE = YES;
				CLANG_WARN_UNGUARDED_AVAILABILITY = YES_AGGRESSIVE;
				CLANG_WARN_UNREACHABLE_CODE = YES;
				CLANG_WARN__DUPLICATE_METHOD_MATCH = YES;
				COPY_PHASE_STRIP = NO;
				DEBUG_INFORMATION_FORMAT = dwarf;
				DEVELOPMENT_TEAM = 64TW3ZZ3CG;
				ENABLE_STRICT_OBJC_MSGSEND = YES;
				ENABLE_TESTABILITY = YES;
				ENABLE_USER_SCRIPT_SANDBOXING = YES;
				GCC_C_LANGUAGE_STANDARD = gnu17;
				GCC_DYNAMIC_NO_PIC = NO;
				GCC_NO_COMMON_BLOCKS = YES;
				GCC_OPTIMIZATION_LEVEL = 0;
				GCC_PREPROCESSOR_DEFINITIONS = (
					"DEBUG=1",
					"$(inherited)",
				);
				GCC_WARN_64_TO_32_BIT_CONVERSION = YES;
				GCC_WARN_ABOUT_RETURN_TYPE = YES_ERROR;
				GCC_WARN_UNDECLARED_SELECTOR = YES;
				GCC_WARN_UNINITIALIZED_AUTOS = YES_AGGRESSIVE;
				GCC_WARN_UNUSED_FUNCTION = YES;
				GCC_WARN_UNUSED_VARIABLE = YES;
				IPHONEOS_DEPLOYMENT_TARGET = 18.4;
				LOCALIZATION_PREFERS_STRING_CATALOGS = YES;
				MTL_ENABLE_DEBUG_INFO = INCLUDE_SOURCE;
				MTL_FAST_MATH = YES;
				ONLY_ACTIVE_ARCH = YES;
				SDKROOT = iphoneos;
				SWIFT_ACTIVE_COMPILATION_CONDITIONS = "DEBUG $(inherited)";
				SWIFT_OPTIMIZATION_LEVEL = "-Onone";
			};
			name = Debug;
		};
		08E0F10E2DCFB4CC00A6CA5E /* Release */ = {
			isa = XCBuildConfiguration;
			buildSettings = {
				ALWAYS_SEARCH_USER_PATHS = NO;
				ASSETCATALOG_COMPILER_GENERATE_SWIFT_ASSET_SYMBOL_EXTENSIONS = YES;
				CLANG_ANALYZER_NONNULL = YES;
				CLANG_ANALYZER_NUMBER_OBJECT_CONVERSION = YES_AGGRESSIVE;
				CLANG_CXX_LANGUAGE_STANDARD = "gnu++20";
				CLANG_ENABLE_MODULES = YES;
				CLANG_ENABLE_OBJC_ARC = YES;
				CLANG_ENABLE_OBJC_WEAK = YES;
				CLANG_WARN_BLOCK_CAPTURE_AUTORELEASING = YES;
				CLANG_WARN_BOOL_CONVERSION = YES;
				CLANG_WARN_COMMA = YES;
				CLANG_WARN_CONSTANT_CONVERSION = YES;
				CLANG_WARN_DEPRECATED_OBJC_IMPLEMENTATIONS = YES;
				CLANG_WARN_DIRECT_OBJC_ISA_USAGE = YES_ERROR;
				CLANG_WARN_DOCUMENTATION_COMMENTS = YES;
				CLANG_WARN_EMPTY_BODY = YES;
				CLANG_WARN_ENUM_CONVERSION = YES;
				CLANG_WARN_INFINITE_RECURSION = YES;
				CLANG_WARN_INT_CONVERSION = YES;
				CLANG_WARN_NON_LITERAL_NULL_CONVERSION = YES;
				CLANG_WARN_OBJC_IMPLICIT_RETAIN_SELF = YES;
				CLANG_WARN_OBJC_LITERAL_CONVERSION = YES;
				CLANG_WARN_OBJC_ROOT_CLASS = YES_ERROR;
				CLANG_WARN_QUOTED_INCLUDE_IN_FRAMEWORK_HEADER = YES;
				CLANG_WARN_RANGE_LOOP_ANALYSIS = YES;
				CLANG_WARN_STRICT_PROTOTYPES = YES;
				CLANG_WARN_SUSPICIOUS_MOVE = YES;
				CLANG_WARN_UNGUARDED_AVAILABILITY = YES_AGGRESSIVE;
				CLANG_WARN_UNREACHABLE_CODE = YES;
				CLANG_WARN__DUPLICATE_METHOD_MATCH = YES;
				COPY_PHASE_STRIP = NO;
				DEBUG_INFORMATION_FORMAT = "dwarf-with-dsym";
				DEVELOPMENT_TEAM = 64TW3ZZ3CG;
				ENABLE_NS_ASSERTIONS = NO;
				ENABLE_STRICT_OBJC_MSGSEND = YES;
				ENABLE_USER_SCRIPT_SANDBOXING = YES;
				GCC_C_LANGUAGE_STANDARD = gnu17;
				GCC_NO_COMMON_BLOCKS = YES;
				GCC_WARN_64_TO_32_BIT_CONVERSION = YES;
				GCC_WARN_ABOUT_RETURN_TYPE = YES_ERROR;
				GCC_WARN_UNDECLARED_SELECTOR = YES;
				GCC_WARN_UNINITIALIZED_AUTOS = YES_AGGRESSIVE;
				GCC_WARN_UNUSED_FUNCTION = YES;
				GCC_WARN_UNUSED_VARIABLE = YES;
				IPHONEOS_DEPLOYMENT_TARGET = 18.4;
				LOCALIZATION_PREFERS_STRING_CATALOGS = YES;
				MTL_ENABLE_DEBUG_INFO = NO;
				MTL_FAST_MATH = YES;
				SDKROOT = iphoneos;
				SWIFT_COMPILATION_MODE = wholemodule;
				VALIDATE_PRODUCT = YES;
			};
			name = Release;
		};
		08E0F1102DCFB4CC00A6CA5E /* Debug */ = {
			isa = XCBuildConfiguration;
			buildSettings = {
				ASSETCATALOG_COMPILER_APPICON_NAME = AppIcon;
				ASSETCATALOG_COMPILER_GLOBAL_ACCENT_COLOR_NAME = AccentColor;
				CODE_SIGN_STYLE = Automatic;
				CURRENT_PROJECT_VERSION = 1;
				DEVELOPMENT_TEAM = 3PDFUJSJGQ;
				ENABLE_PREVIEWS = YES;
				GENERATE_INFOPLIST_FILE = YES;
				INFOPLIST_FILE = Answer/Info.plist;
				INFOPLIST_KEY_NSCameraUsageDescription = "Answer needs camera access to take photos";
				INFOPLIST_KEY_NSPhotoLibraryUsageDescription = "Answer needs access to your photo library to select images";
				INFOPLIST_KEY_UIApplicationSceneManifest_Generation = YES;
				INFOPLIST_KEY_UIApplicationSupportsIndirectInputEvents = YES;
				INFOPLIST_KEY_UILaunchScreen_Generation = YES;
				INFOPLIST_KEY_UISupportedInterfaceOrientations_iPad = "UIInterfaceOrientationPortrait UIInterfaceOrientationPortraitUpsideDown UIInterfaceOrientationLandscapeLeft UIInterfaceOrientationLandscapeRight";
				INFOPLIST_KEY_UISupportedInterfaceOrientations_iPhone = "UIInterfaceOrientationPortrait UIInterfaceOrientationLandscapeLeft UIInterfaceOrientationLandscapeRight";
				LD_RUNPATH_SEARCH_PATHS = (
					"$(inherited)",
					"@executable_path/Frameworks",
				);
				MARKETING_VERSION = 1.0;
				PRODUCT_BUNDLE_IDENTIFIER = test.vineet.Answer;
				PRODUCT_NAME = "$(TARGET_NAME)";
				SWIFT_EMIT_LOC_STRINGS = YES;
				SWIFT_VERSION = 5.0;
				TARGETED_DEVICE_FAMILY = "1,2";
			};
			name = Debug;
		};
		08E0F1112DCFB4CC00A6CA5E /* Release */ = {
			isa = XCBuildConfiguration;
			buildSettings = {
				ASSETCATALOG_COMPILER_APPICON_NAME = AppIcon;
				ASSETCATALOG_COMPILER_GLOBAL_ACCENT_COLOR_NAME = AccentColor;
				CODE_SIGN_STYLE = Automatic;
				CURRENT_PROJECT_VERSION = 1;
				DEVELOPMENT_TEAM = 3PDFUJSJGQ;
				ENABLE_PREVIEWS = YES;
				GENERATE_INFOPLIST_FILE = YES;
				INFOPLIST_FILE = Answer/Info.plist;
				INFOPLIST_KEY_NSCameraUsageDescription = "Answer needs camera access to take photos";
				INFOPLIST_KEY_NSPhotoLibraryUsageDescription = "Answer needs access to your photo library to select images";
				INFOPLIST_KEY_UIApplicationSceneManifest_Generation = YES;
				INFOPLIST_KEY_UIApplicationSupportsIndirectInputEvents = YES;
				INFOPLIST_KEY_UILaunchScreen_Generation = YES;
				INFOPLIST_KEY_UISupportedInterfaceOrientations_iPad = "UIInterfaceOrientationPortrait UIInterfaceOrientationPortraitUpsideDown UIInterfaceOrientationLandscapeLeft UIInterfaceOrientationLandscapeRight";
				INFOPLIST_KEY_UISupportedInterfaceOrientations_iPhone = "UIInterfaceOrientationPortrait UIInterfaceOrientationLandscapeLeft UIInterfaceOrientationLandscapeRight";
				LD_RUNPATH_SEARCH_PATHS = (
					"$(inherited)",
					"@executable_path/Frameworks",
				);
				MARKETING_VERSION = 1.0;
				PRODUCT_BUNDLE_IDENTIFIER = test.vineet.Answer;
				PRODUCT_NAME = "$(TARGET_NAME)";
				SWIFT_EMIT_LOC_STRINGS = YES;
				SWIFT_VERSION = 5.0;
				TARGETED_DEVICE_FAMILY = "1,2";
			};
			name = Release;
		};
		08E0F1132DCFB4CC00A6CA5E /* Debug */ = {
			isa = XCBuildConfiguration;
			buildSettings = {
				BUNDLE_LOADER = "$(TEST_HOST)";
				CODE_SIGN_STYLE = Automatic;
				CURRENT_PROJECT_VERSION = 1;
				DEVELOPMENT_TEAM = 3PDFUJSJGQ;
				GENERATE_INFOPLIST_FILE = YES;
				IPHONEOS_DEPLOYMENT_TARGET = 18.4;
				MARKETING_VERSION = 1.0;
				PRODUCT_BUNDLE_IDENTIFIER = test.vineet.AnswerTests;
				PRODUCT_NAME = "$(TARGET_NAME)";
				SWIFT_EMIT_LOC_STRINGS = NO;
				SWIFT_VERSION = 5.0;
				TARGETED_DEVICE_FAMILY = "1,2";
				TEST_HOST = "$(BUILT_PRODUCTS_DIR)/Answer.app/$(BUNDLE_EXECUTABLE_FOLDER_PATH)/Answer";
			};
			name = Debug;
		};
		08E0F1142DCFB4CC00A6CA5E /* Release */ = {
			isa = XCBuildConfiguration;
			buildSettings = {
				BUNDLE_LOADER = "$(TEST_HOST)";
				CODE_SIGN_STYLE = Automatic;
				CURRENT_PROJECT_VERSION = 1;
				DEVELOPMENT_TEAM = 3PDFUJSJGQ;
				GENERATE_INFOPLIST_FILE = YES;
				IPHONEOS_DEPLOYMENT_TARGET = 18.4;
				MARKETING_VERSION = 1.0;
				PRODUCT_BUNDLE_IDENTIFIER = test.vineet.AnswerTests;
				PRODUCT_NAME = "$(TARGET_NAME)";
				SWIFT_EMIT_LOC_STRINGS = NO;
				SWIFT_VERSION = 5.0;
				TARGETED_DEVICE_FAMILY = "1,2";
				TEST_HOST = "$(BUILT_PRODUCTS_DIR)/Answer.app/$(BUNDLE_EXECUTABLE_FOLDER_PATH)/Answer";
			};
			name = Release;
		};
		08E0F1162DCFB4CC00A6CA5E /* Debug */ = {
			isa = XCBuildConfiguration;
			buildSettings = {
				CODE_SIGN_STYLE = Automatic;
				CURRENT_PROJECT_VERSION = 1;
				DEVELOPMENT_TEAM = 3PDFUJSJGQ;
				GENERATE_INFOPLIST_FILE = YES;
				MARKETING_VERSION = 1.0;
				PRODUCT_BUNDLE_IDENTIFIER = test.vineet.AnswerUITests;
				PRODUCT_NAME = "$(TARGET_NAME)";
				SWIFT_EMIT_LOC_STRINGS = NO;
				SWIFT_VERSION = 5.0;
				TARGETED_DEVICE_FAMILY = "1,2";
				TEST_TARGET_NAME = Answer;
			};
			name = Debug;
		};
		08E0F1172DCFB4CC00A6CA5E /* Release */ = {
			isa = XCBuildConfiguration;
			buildSettings = {
				CODE_SIGN_STYLE = Automatic;
				CURRENT_PROJECT_VERSION = 1;
				DEVELOPMENT_TEAM = 3PDFUJSJGQ;
				GENERATE_INFOPLIST_FILE = YES;
				MARKETING_VERSION = 1.0;
				PRODUCT_BUNDLE_IDENTIFIER = test.vineet.AnswerUITests;
				PRODUCT_NAME = "$(TARGET_NAME)";
				SWIFT_EMIT_LOC_STRINGS = NO;
				SWIFT_VERSION = 5.0;
				TARGETED_DEVICE_FAMILY = "1,2";
				TEST_TARGET_NAME = Answer;
			};
			name = Release;
		};
/* End XCBuildConfiguration section */

/* Begin XCConfigurationList section */
		08E0F0E92DCFB4C900A6CA5E /* Build configuration list for PBXProject "Answer" */ = {
			isa = XCConfigurationList;
			buildConfigurations = (
				08E0F10D2DCFB4CC00A6CA5E /* Debug */,
				08E0F10E2DCFB4CC00A6CA5E /* Release */,
			);
			defaultConfigurationIsVisible = 0;
			defaultConfigurationName = Release;
		};
		08E0F10F2DCFB4CC00A6CA5E /* Build configuration list for PBXNativeTarget "Answer" */ = {
			isa = XCConfigurationList;
			buildConfigurations = (
				08E0F1102DCFB4CC00A6CA5E /* Debug */,
				08E0F1112DCFB4CC00A6CA5E /* Release */,
			);
			defaultConfigurationIsVisible = 0;
			defaultConfigurationName = Release;
		};
		08E0F1122DCFB4CC00A6CA5E /* Build configuration list for PBXNativeTarget "AnswerTests" */ = {
			isa = XCConfigurationList;
			buildConfigurations = (
				08E0F1132DCFB4CC00A6CA5E /* Debug */,
				08E0F1142DCFB4CC00A6CA5E /* Release */,
			);
			defaultConfigurationIsVisible = 0;
			defaultConfigurationName = Release;
		};
		08E0F1152DCFB4CC00A6CA5E /* Build configuration list for PBXNativeTarget "AnswerUITests" */ = {
			isa = XCConfigurationList;
			buildConfigurations = (
				08E0F1162DCFB4CC00A6CA5E /* Debug */,
				08E0F1172DCFB4CC00A6CA5E /* Release */,
			);
			defaultConfigurationIsVisible = 0;
			defaultConfigurationName = Release;
		};
/* End XCConfigurationList section */
	};
	rootObject = 08E0F0E62DCFB4C900A6CA5E /* Project object */;
}
